
Microsoft Visual Studio Solution File, Format Version 12.00
# Visual Studio 14
VisualStudioVersion = 14.0.25420.1
MinimumVisualStudioVersion = 10.0.40219.1
Project("{FAE04EC0-301F-11D3-BF4B-00C04F79EFBC}") = "DesignPatternPlayGround", "DesignPatternPlayGround\DesignPatternPlayGround.csproj", "{BB923B94-8585-4F06-A9E5-E47B2F831D45}"
EndProject
Project("{FAE04EC0-301F-11D3-BF4B-00C04F79EFBC}") = "AdapterRealWorld", "AdapterRealWorld\AdapterRealWorld.csproj", "{A24B4577-66C3-4FCB-9DB7-968D8514F0C4}"
EndProject
Project("{FAE04EC0-301F-11D3-BF4B-00C04F79EFBC}") = "AzureCloudMessages", "AzureCloudMessages\AzureCloudMessages.csproj", "{8964CF0C-EB42-415F-AB36-638A3A0F20CA}"
EndProject
Global
	GlobalSection(SolutionConfigurationPlatforms) = preSolution
		Debug|Any CPU = Debug|Any CPU
		Release|Any CPU = Release|Any CPU
	EndGlobalSection
	GlobalSection(ProjectConfigurationPlatforms) = postSolution
		{BB923B94-8585-4F06-A9E5-E47B2F831D45}.Debug|Any CPU.ActiveCfg = Debug|Any CPU
		{BB923B94-8585-4F06-A9E5-E47B2F831D45}.Debug|Any CPU.Build.0 = Debug|Any CPU
		{BB923B94-8585-4F06-A9E5-E47B2F831D45}.Release|Any CPU.ActiveCfg = Release|Any CPU
		{BB923B94-8585-4F06-A9E5-E47B2F831D45}.Release|Any CPU.Build.0 = Release|Any CPU
		{A24B4577-66C3-4FCB-9DB7-968D8514F0C4}.Debug|Any CPU.ActiveCfg = Debug|Any CPU
		{A24B4577-66C3-4FCB-9DB7-968D8514F0C4}.Debug|Any CPU.Build.0 = Debug|Any CPU
		{A24B4577-66C3-4FCB-9DB7-968D8514F0C4}.Release|Any CPU.ActiveCfg = Release|Any CPU
		{A24B4577-66C3-4FCB-9DB7-968D8514F0C4}.Release|Any CPU.Build.0 = Release|Any CPU
		{8964CF0C-EB42-415F-AB36-638A3A0F20CA}.Debug|Any CPU.ActiveCfg = Debug|Any CPU
		{8964CF0C-EB42-415F-AB36-638A3A0F20CA}.Debug|Any CPU.Build.0 = Debug|Any CPU
		{8964CF0C-EB42-415F-AB36-638A3A0F20CA}.Release|Any CPU.ActiveCfg = Release|Any CPU
		{8964CF0C-EB42-415F-AB36-638A3A0F20CA}.Release|Any CPU.Build.0 = Release|Any CPU
	EndGlobalSection
	GlobalSection(SolutionProperties) = preSolution
		HideSolutionNode = FALSE
	EndGlobalSection
EndGlobal
